{
  "version": "5",
  "remote": {
    "https://edge.netlify.com/": "fd941d61d88673d5f28aab283fb86fcc50f08a3bc80ee5470498fcfa88c65cfb",
    "https://edge.netlify.com/bootstrap/config.ts": "6a2ce0e544e15e8f8883a5c18da5948e37fd0f2619f68cb31f3af53c51817025",
    "https://edge.netlify.com/bootstrap/context.ts": "e97240232121e2f369f6546ce961490f34d961ea1ea54be3ff09633e3f08373f",
    "https://edge.netlify.com/bootstrap/cookie.ts": "8b0baae708989ca183c6f3b4ab3d029e6abcbc2e43f93edeb0ff447b3bbc3a05",
    "https://edge.netlify.com/bootstrap/edge_function.ts": "b8253e86aa83c67341f5cfedeba5049d77fbf84dcab7eceff7566b7728ae9b39",
    "https://edge.netlify.com/bootstrap/globals/types.ts": "eaa6148ded3121d8dee62dd91c86e7fe76601df0f3ca8d7962243a30f4c8935f"
  },
  "workspace": {
    "packageJson": {
      "dependencies": [
        "npm:accepts@^1.3.8",
        "npm:acorn@^8.18.0",
        "npm:ajv-formats@^2.1.1",
        "npm:ajv-keywords@^5.1.0",
        "npm:ajv@^8.20.0",
        "npm:ansi-html-community@^0.0.8",
        "npm:ansi-regex@^5.0.1",
        "npm:anymatch@^3.1.3",
        "npm:array-flatten@^1.1.1",
        "npm:asn1js@^3.0.10",
        "npm:baseline-browser-mapping@^2.11.21",
        "npm:batch@~0.6.1",
        "npm:binary-extensions@^2.3.0",
        "npm:body-parser@^1.20.6",
        "npm:bonjour-service@^1.4.4",
        "npm:boolbase@1",
        "npm:braces@^3.0.3",
        "npm:browserslist@^4.28.9",
        "npm:buffer-from@^1.1.2",
        "npm:bundle-name@^4.1.0",
        "npm:bytes@^3.1.2",
        "npm:bytestreamjs@^2.0.1",
        "npm:call-bind-apply-helpers@^1.0.2",
        "npm:call-bound@^1.0.4",
        "npm:camel-case@^4.1.2",
        "npm:caniuse-lite@^1.0.30001810",
        "npm:chokidar@^3.6.0",
        "npm:chrome-trace-event@^1.0.4",
        "npm:clean-css@^5.3.3",
        "npm:clone-deep@^4.0.1",
        "npm:colorette@^2.0.20",
        "npm:commander@^8.3.0",
        "npm:compressible@^2.0.18",
        "npm:compression@^1.8.1",
        "npm:connect-history-api-fallback@2",
        "npm:content-disposition@~0.5.4",
        "npm:content-type@^1.0.5",
        "npm:cookie-signature@^1.0.7",
        "npm:cookie@~0.7.2",
        "npm:copy-webpack-plugin@11",
        "npm:core-util-is@^1.0.3",
        "npm:cross-spawn@^7.0.6",
        "npm:css-select@^4.3.0",
        "npm:css-what@^6.2.2",
        "npm:debug@^2.6.9",
        "npm:default-browser-id@^5.0.1",
        "npm:default-browser@^5.5.1",
        "npm:define-lazy-prop@3",
        "npm:depd@2",
        "npm:destroy@^1.2.0",
        "npm:detect-node@^2.1.0",
        "npm:dir-glob@^3.0.1",
        "npm:dns-packet@^5.6.1",
        "npm:dom-converter@0.2",
        "npm:dom-serializer@^1.4.1",
        "npm:domelementtype@^2.3.0",
        "npm:domhandler@^4.3.1",
        "npm:domutils@^2.8.0",
        "npm:dot-case@^3.0.4",
        "npm:dunder-proto@^1.0.1",
        "npm:ee-first@^1.1.1",
        "npm:electron-to-chromium@^1.5.422",
        "npm:encodeurl@2",
        "npm:enhanced-resolve@^5.24.5",
        "npm:entities@^2.2.0",
        "npm:envinfo@^7.21.0",
        "npm:es-define-property@^1.0.1",
        "npm:es-errors@^1.3.0",
        "npm:es-module-lexer@^2.3.2",
        "npm:es-object-atoms@^1.1.2",
        "npm:escalade@^3.2.0",
        "npm:escape-html@^1.0.3",
        "npm:etag@^1.8.1",
        "npm:eventemitter3@^4.0.7",
        "npm:events@^3.3.0",
        "npm:express@^4.22.2",
        "npm:fast-deep-equal@^3.1.3",
        "npm:fast-glob@^3.3.3",
        "npm:fast-uri@^3.1.7",
        "npm:fastest-levenshtein@^1.0.16",
        "npm:fastq@^1.20.3",
        "npm:faye-websocket@~0.11.4",
        "npm:fill-range@^7.1.1",
        "npm:finalhandler@^1.3.2",
        "npm:find-up@^4.1.0",
        "npm:flat@^5.0.2",
        "npm:follow-redirects@^1.16.0",
        "npm:forwarded@0.2",
        "npm:fresh@~0.5.2",
        "npm:function-bind@^1.1.2",
        "npm:get-intrinsic@^1.3.0",
        "npm:get-proto@^1.0.1",
        "npm:glob-parent@^6.0.2",
        "npm:glob-to-regex.js@^1.2.0",
        "npm:globby@^13.2.2",
        "npm:gopd@^1.2.0",
        "npm:graceful-fs@^4.2.11",
        "npm:handle-thing@^2.0.1",
        "npm:has-flag@4",
        "npm:has-symbols@^1.1.0",
        "npm:hasown@^2.0.4",
        "npm:he@^1.2.0",
        "npm:hpack.js@^2.1.6",
        "npm:html-minifier-terser@^6.1.0",
        "npm:html-webpack-plugin@^5.6.0",
        "npm:htmlparser2@^6.1.0",
        "npm:http-deceiver@^1.2.7",
        "npm:http-errors@^2.0.1",
        "npm:http-parser-js@~0.5.10",
        "npm:http-proxy-middleware@^2.0.10",
        "npm:http-proxy@^1.18.1",
        "npm:hyperdyperid@^1.2.0",
        "npm:iconv-lite@~0.4.24",
        "npm:ignore@^5.3.2",
        "npm:import-local@^3.2.0",
        "npm:inherits@^2.0.4",
        "npm:interpret@^3.1.1",
        "npm:ipaddr.js@^2.5.0",
        "npm:is-binary-path@^2.1.0",
        "npm:is-core-module@^2.16.2",
        "npm:is-docker@3",
        "npm:is-extglob@^2.1.1",
        "npm:is-glob@^4.0.3",
        "npm:is-inside-container@1",
        "npm:is-network-error@^1.3.2",
        "npm:is-number@7",
        "npm:is-plain-obj@3",
        "npm:is-plain-object@^2.0.4",
        "npm:is-wsl@^3.1.1",
        "npm:isarray@1",
        "npm:isexe@2",
        "npm:isobject@^3.0.1",
        "npm:jest-worker@^27.5.1",
        "npm:json-schema-traverse@1",
        "npm:kind-of@^6.0.3",
        "npm:launch-editor@^2.14.1",
        "npm:locate-path@5",
        "npm:lodash@^4.18.1",
        "npm:lower-case@^2.0.2",
        "npm:math-intrinsics@^1.1.0",
        "npm:media-typer@0.3",
        "npm:memfs@^4.71.0",
        "npm:merge-descriptors@^1.0.3",
        "npm:merge-stream@2",
        "npm:merge2@^1.4.1",
        "npm:methods@^1.1.2",
        "npm:micromatch@^4.0.8",
        "npm:mime-db@^1.54.0",
        "npm:mime-types@^2.1.35",
        "npm:mime@^1.6.0",
        "npm:minimalistic-assert@^1.0.1",
        "npm:minimizer-webpack-plugin@^5.10.0",
        "npm:ms@2",
        "npm:multicast-dns@^7.2.5",
        "npm:negotiator@~0.6.4",
        "npm:neo-async@^2.6.2",
        "npm:no-case@^3.0.4",
        "npm:node-fetch@^3.3.2",
        "npm:node-releases@^2.0.54",
        "npm:normalize-path@3",
        "npm:nth-check@^2.1.1",
        "npm:object-inspect@^1.13.4",
        "npm:obuf@^1.1.2",
        "npm:on-finished@^2.4.1",
        "npm:on-headers@^1.1.0",
        "npm:open@^10.2.0",
        "npm:p-limit@^2.3.0",
        "npm:p-locate@^4.1.0",
        "npm:p-retry@^6.2.1",
        "npm:p-try@^2.2.0",
        "npm:param-case@^3.0.4",
        "npm:parseurl@^1.3.3",
        "npm:pascal-case@^3.1.2",
        "npm:path-exists@4",
        "npm:path-key@^3.1.1",
        "npm:path-parse@^1.0.7",
        "npm:path-to-regexp@~0.1.13",
        "npm:path-type@4",
        "npm:picocolors@^1.1.1",
        "npm:picomatch@^2.3.2",
        "npm:pkg-dir@^4.2.0",
        "npm:pkijs@^3.4.0",
        "npm:pretty-error@4",
        "npm:process-nextick-args@^2.0.1",
        "npm:proxy-addr@^2.0.7",
        "npm:pvtsutils@^1.3.6",
        "npm:pvutils@^1.2.0",
        "npm:qs@^6.15.3",
        "npm:queue-microtask@^1.2.3",
        "npm:randombytes@^2.1.0",
        "npm:range-parser@^1.2.1",
        "npm:raw-body@^2.5.3",
        "npm:readable-stream@^3.6.2",
        "npm:readdirp@^3.6.0",
        "npm:rechoir@0.8",
        "npm:reflect-metadata@~0.2.2",
        "npm:relateurl@~0.2.7",
        "npm:renderkid@3",
        "npm:require-from-string@^2.0.2",
        "npm:requires-port@1",
        "npm:resolve-cwd@3",
        "npm:resolve-from@5",
        "npm:resolve@^1.22.12",
        "npm:retry@~0.13.1",
        "npm:reusify@^1.1.0",
        "npm:run-applescript@^7.1.0",
        "npm:run-parallel@^1.2.0",
        "npm:safe-buffer@^5.2.1",
        "npm:safer-buffer@^2.1.2",
        "npm:schema-utils@^4.3.3",
        "npm:select-hose@2",
        "npm:selfsigned@^5.5.0",
        "npm:send@~0.19.2",
        "npm:serialize-javascript@^6.0.2",
        "npm:serve-index@^1.9.2",
        "npm:serve-static@^1.16.3",
        "npm:setprototypeof@^1.2.0",
        "npm:shallow-clone@^3.0.1",
        "npm:shebang-command@2",
        "npm:shebang-regex@3",
        "npm:shell-quote@^1.10.0",
        "npm:side-channel-list@^1.0.1",
        "npm:side-channel-map@^1.0.1",
        "npm:side-channel-weakmap@^1.0.2",
        "npm:side-channel@^1.1.1",
        "npm:slash@4",
        "npm:sockjs@~0.3.24",
        "npm:source-map-support@~0.5.21",
        "npm:source-map@~0.6.1",
        "npm:spdy-transport@3",
        "npm:spdy@^4.0.2",
        "npm:statuses@^2.0.2",
        "npm:string_decoder@^1.3.0",
        "npm:strip-ansi@^6.0.1",
        "npm:supports-color@^8.1.1",
        "npm:supports-preserve-symlinks-flag@1",
        "npm:tapable@^2.3.3",
        "npm:terser@^5.51.2",
        "npm:thingies@^2.6.1",
        "npm:thunky@^1.1.0",
        "npm:to-regex-range@^5.0.1",
        "npm:toidentifier@^1.0.1",
        "npm:tree-dump@^1.1.0",
        "npm:tslib@^2.8.1",
        "npm:tsyringe@^4.10.0",
        "npm:type-is@^1.6.18",
        "npm:undici-types@^8.3.0",
        "npm:unpipe@1",
        "npm:update-browserslist-db@^1.3.2",
        "npm:util-deprecate@^1.0.2",
        "npm:utila@0.4",
        "npm:utils-merge@^1.0.1",
        "npm:uuid@^8.3.2",
        "npm:vary@^1.1.2",
        "npm:watchpack@^2.5.2",
        "npm:wbuf@^1.7.3",
        "npm:webpack-cli@^5.1.4",
        "npm:webpack-dev-middleware@^7.4.6",
        "npm:webpack-dev-server@^5.0.4",
        "npm:webpack-merge@^5.10.0",
        "npm:webpack-sources@^3.5.1",
        "npm:webpack@^5.91.0",
        "npm:websocket-driver@~0.7.5",
        "npm:websocket-extensions@~0.1.4",
        "npm:which@^2.0.2",
        "npm:wildcard@^2.0.1",
        "npm:ws@^8.21.3",
        "npm:wsl-utils@0.1"
      ]
    }
  }
}
